// !$*UTF8*$!
{
	archiveVersion = 1;
	classes = {
	};
	objectVersion = 46;
	objects = {

/* Begin PBXBuildFile section */
		29CD4DCC1BF23F48003EFA93 /* main.m in Sources */ = {isa = PBXBuildFile; fileRef = 29CD4DCB1BF23F48003EFA93 /* main.m */; };
		29CD4DD51BF23F48003EFA93 /* Main.storyboard in Resources */ = {isa = PBXBuildFile; fileRef = 29CD4DD31BF23F48003EFA93 /* Main.storyboard */; };
		29CD4DD71BF23F48003EFA93 /* Assets.xcassets in Resources */ = {isa = PBXBuildFile; fileRef = 29CD4DD61BF23F48003EFA93 /* Assets.xcassets */; };
		29CD4DDA1BF23F48003EFA93 /* LaunchScreen.storyboard in Resources */ = {isa = PBXBuildFile; fileRef = 29CD4DD81BF23F48003EFA93 /* LaunchScreen.storyboard */; };
		29CD4DF31BF24364003EFA93 /* AppDelegate.m in Sources */ = {isa = PBXBuildFile; fileRef = 29CD4DE41BF24364003EFA93 /* AppDelegate.m */; };
		29CD4DF41BF24364003EFA93 /* ViewController.m in Sources */ = {isa = PBXBuildFile; fileRef = 29CD4DF11BF24364003EFA93 /* ViewController.m */; };
/* End PBXBuildFile section */

/* Begin PBXFileReference section */
		29CD4DC71BF23F48003EFA93 /* GitTest.app */ = {isa = PBXFileReference; explicitFileType = wrapper.application; includeInIndex = 0; path = GitTest.app; sourceTree = BUILT_PRODUCTS_DIR; };
		29CD4DCB1BF23F48003EFA93 /* main.m */ = {isa = PBXFileReference; lastKnownFileType = sourcecode.c.objc; path = main.m; sourceTree = "<group>"; };
		29CD4DD41BF23F48003EFA93 /* Base */ = {isa = PBXFileReference; lastKnownFileType = file.storyboard; name = Base; path = Base.lproj/Main.storyboard; sourceTree = "<group>"; };
		29CD4DD61BF23F48003EFA93 /* Assets.xcassets */ = {isa = PBXFileReference; lastKnownFileType = folder.assetcatalog; path = Assets.xcassets; sourceTree = "<group>"; };
		29CD4DD91BF23F48003EFA93 /* Base */ = {isa = PBXFileReference; lastKnownFileType = file.storyboard; name = Base; path = Base.lproj/LaunchScreen.storyboard; sourceTree = "<group>"; };
		29CD4DDB1BF23F48003EFA93 /* Info.plist */ = {isa = PBXFileReference; lastKnownFileType = text.plist.xml; path = Info.plist; sourceTree = "<group>"; };
		29CD4DE31BF24364003EFA93 /* AppDelegate.h */ = {isa = PBXFileReference; fileEncoding = 4; lastKnownFileType = sourcecode.c.h; path = AppDelegate.h; sourceTree = "<group>"; };
		29CD4DE41BF24364003EFA93 /* AppDelegate.m */ = {isa = PBXFileReference; fileEncoding = 4; lastKnownFileType = sourcecode.c.objc; path = AppDelegate.m; sourceTree = "<group>"; };
		29CD4DF01BF24364003EFA93 /* ViewController.h */ = {isa = PBXFileReference; fileEncoding = 4; lastKnownFileType = sourcecode.c.h; path = ViewController.h; sourceTree = "<group>"; };
		29CD4DF11BF24364003EFA93 /* ViewController.m */ = {isa = PBXFileReference; fileEncoding = 4; lastKnownFileType = sourcecode.c.objc; path = ViewController.m; sourceTree = "<group>"; };
/* End PBXFileReference section */

/* Begin PBXFrameworksBuildPhase section */
		29CD4DC41BF23F48003EFA93 /* Frameworks */ = {
			isa = PBXFrameworksBuildPhase;
			buildActionMask = 2147483647;
			files = (
			);
			runOnlyForDeploymentPostprocessing = 0;
		};
/* End PBXFrameworksBuildPhase section */

/* Begin PBXGroup section */
		29CD4DBE1BF23F48003EFA93 = {
			isa = PBXGroup;
			children = (
				29CD4DC91BF23F48003EFA93 /* GitTest */,
				29CD4DC81BF23F48003EFA93 /* Products */,
			);
			sourceTree = "<group>";
		};
		29CD4DC81BF23F48003EFA93 /* Products */ = {
			isa = PBXGroup;
			children = (
				29CD4DC71BF23F48003EFA93 /* GitTest.app */,
			);
			name = Products;
			sourceTree = "<group>";
		};
		29CD4DC91BF23F48003EFA93 /* GitTest */ = {
			isa = PBXGroup;
			children = (
				29CD4DE11BF24364003EFA93 /* Classes */,
				29CD4DD31BF23F48003EFA93 /* Main.storyboard */,
				29CD4DD61BF23F48003EFA93 /* Assets.xcassets */,
				29CD4DD81BF23F48003EFA93 /* LaunchScreen.storyboard */,
				29CD4DDB1BF23F48003EFA93 /* Info.plist */,
				29CD4DCA1BF23F48003EFA93 /* Supporting Files */,
			);
			path = GitTest;
			sourceTree = "<group>";
		};
		29CD4DCA1BF23F48003EFA93 /* Supporting Files */ = {
			isa = PBXGroup;
			children = (
				29CD4DCB1BF23F48003EFA93 /* main.m */,
			);
			name = "Supporting Files";
			sourceTree = "<group>";
		};
		29CD4DE11BF24364003EFA93 /* Classes */ = {
			isa = PBXGroup;
			children = (
				29CD4DE21BF24364003EFA93 /* AppDelegate */,
				29CD4DE51BF24364003EFA93 /* General */,
				29CD4DE91BF24364003EFA93 /* Helpers */,
				29CD4DEA1BF24364003EFA93 /* Macro */,
				29CD4DEB1BF24364003EFA93 /* Models */,
				29CD4DEC1BF24364003EFA93 /* Resources */,
				29CD4DED1BF24364003EFA93 /* Scenes */,
				29CD4DF21BF24364003EFA93 /* Vendors */,
			);
			path = Classes;
			sourceTree = "<group>";
		};
		29CD4DE21BF24364003EFA93 /* AppDelegate */ = {
			isa = PBXGroup;
			children = (
				29CD4DE31BF24364003EFA93 /* AppDelegate.h */,
				29CD4DE41BF24364003EFA93 /* AppDelegate.m */,
			);
			path = AppDelegate;
			sourceTree = "<group>";
		};
		29CD4DE51BF24364003EFA93 /* General */ = {
			isa = PBXGroup;
			children = (
				29CD4DE61BF24364003EFA93 /* Categories */,
				29CD4DE71BF24364003EFA93 /* ViewControllers */,
				29CD4DE81BF24364003EFA93 /* Views */,
			);
			path = General;
			sourceTree = "<group>";
		};
		29CD4DE61BF24364003EFA93 /* Categories */ = {
			isa = PBXGroup;
			children = (
			);
			path = Categories;
			sourceTree = "<group>";
		};
		29CD4DE71BF24364003EFA93 /* ViewControllers */ = {
			isa = PBXGroup;
			children = (
			);
			path = ViewControllers;
			sourceTree = "<group>";
		};
		29CD4DE81BF24364003EFA93 /* Views */ = {
			isa = PBXGroup;
			children = (
			);
			path = Views;
			sourceTree = "<group>";
		};
		29CD4DE91BF24364003EFA93 /* Helpers */ = {
			isa = PBXGroup;
			children = (
			);
			path = Helpers;
			sourceTree = "<group>";
		};
		29CD4DEA1BF24364003EFA93 /* Macro */ = {
			isa = PBXGroup;
			children = (
			);
			path = Macro;
			sourceTree = "<group>";
		};
		29CD4DEB1BF24364003EFA93 /* Models */ = {
			isa = PBXGroup;
			children = (
			);
			path = Models;
			sourceTree = "<group>";
		};
		29CD4DEC1BF24364003EFA93 /* Resources */ = {
			isa = PBXGroup;
			children = (
			);
			path = Resources;
			sourceTree = "<group>";
		};
		29CD4DED1BF24364003EFA93 /* Scenes */ = {
			isa = PBXGroup;
			children = (
				29CD4DEE1BF24364003EFA93 /* View */,
				29CD4DEF1BF24364003EFA93 /* ViewController */,
			);
			path = Scenes;
			sourceTree = "<group>";
		};
		29CD4DEE1BF24364003EFA93 /* View */ = {
			isa = PBXGroup;
			children = (
			);
			path = View;
			sourceTree = "<group>";
		};
		29CD4DEF1BF24364003EFA93 /* ViewController */ = {
			isa = PBXGroup;
			children = (
				29CD4DF01BF24364003EFA93 /* ViewController.h */,
				29CD4DF11BF24364003EFA93 /* ViewController.m */,
			);
			path = ViewController;
			sourceTree = "<group>";
		};
		29CD4DF21BF24364003EFA93 /* Vendors */ = {
			isa = PBXGroup;
			children = (
			);
			path = Vendors;
			sourceTree = "<group>";
		};
/* End PBXGroup section */

/* Begin PBXNativeTarget section */
		29CD4DC61BF23F48003EFA93 /* GitTest */ = {
			isa = PBXNativeTarget;
			buildConfigurationList = 29CD4DDE1BF23F48003EFA93 /* Build configuration list for PBXNativeTarget "GitTest" */;
			buildPhases = (
				29CD4DC31BF23F48003EFA93 /* Sources */,
				29CD4DC41BF23F48003EFA93 /* Frameworks */,
				29CD4DC51BF23F48003EFA93 /* Resources */,
			);
			buildRules = (
			);
			dependencies = (
			);
			name = GitTest;
			productName = GitTest;
			productReference = 29CD4DC71BF23F48003EFA93 /* GitTest.app */;
			productType = "com.apple.product-type.application";
		};
/* End PBXNativeTarget section */

/* Begin PBXProject section */
		29CD4DBF1BF23F48003EFA93 /* Project object */ = {
			isa = PBXProject;
			attributes = {
				LastUpgradeCheck = 0710;
				ORGANIZATIONNAME = "胡智超";
				TargetAttributes = {
					29CD4DC61BF23F48003EFA93 = {
						CreatedOnToolsVersion = 7.1;
					};
				};
			};
			buildConfigurationList = 29CD4DC21BF23F48003EFA93 /* Build configuration list for PBXProject "GitTest" */;
			compatibilityVersion = "Xcode 3.2";
			developmentRegion = English;
			hasScannedForEncodings = 0;
			knownRegions = (
				en,
				Base,
			);
			mainGroup = 29CD4DBE1BF23F48003EFA93;
			productRefGroup = 29CD4DC81BF23F48003EFA93 /* Products */;
			projectDirPath = "";
			projectRoot = "";
			targets = (
				29CD4DC61BF23F48003EFA93 /* GitTest */,
			);
		};
/* End PBXProject section */

/* Begin PBXResourcesBuildPhase section */
		29CD4DC51BF23F48003EFA93 /* Resources */ = {
			isa = PBXResourcesBuildPhase;
			buildActionMask = 2147483647;
			files = (
				29CD4DDA1BF23F48003EFA93 /* LaunchScreen.storyboard in Resources */,
				29CD4DD71BF23F48003EFA93 /* Assets.xcassets in Resources */,
				29CD4DD51BF23F48003EFA93 /* Main.storyboard in Resources */,
			);
			runOnlyForDeploymentPostprocessing = 0;
		};
/* End PBXResourcesBuildPhase section */

/* Begin PBXSourcesBuildPhase section */
		29CD4DC31BF23F48003EFA93 /* Sources */ = {
			isa = PBXSourcesBuildPhase;
			buildActionMask = 2147483647;
			files = (
				29CD4DF41BF24364003EFA93 /* ViewController.m in Sources */,
				29CD4DF31BF24364003EFA93 /* AppDelegate.m in Sources */,
				29CD4DCC1BF23F48003EFA93 /* main.m in Sources */,
			);
			runOnlyForDeploymentPostprocessing = 0;
		};
/* End PBXSourcesBuildPhase section */

/* Begin PBXVariantGroup section */
		29CD4DD31BF23F48003EFA93 /* Main.storyboard */ = {
			isa = PBXVariantGroup;
			children = (
				29CD4DD41BF23F48003EFA93 /* Base */,
			);
			name = Main.storyboard;
			sourceTree = "<group>";
		};
		29CD4DD81BF23F48003EFA93 /* LaunchScreen.storyboard */ = {
			isa = PBXVariantGroup;
			children = (
				29CD4DD91BF23F48003EFA93 /* Base */,
			);
			name = LaunchScreen.storyboard;
			sourceTree = "<group>";
		};
/* End PBXVariantGroup section */

/* Begin XCBuildConfiguration section */
		29CD4DDC1BF23F48003EFA93 /* Debug */ = {
			isa = XCBuildConfiguration;
			buildSettings = {
				ALWAYS_SEARCH_USER_PATHS = NO;
				CLANG_CXX_LANGUAGE_STANDARD = "gnu++0x";
				CLANG_CXX_LIBRARY = "libc++";
				CLANG_ENABLE_MODULES = YES;
				CLANG_ENABLE_OBJC_ARC = YES;
				CLANG_WARN_BOOL_CONVERSION = YES;
				CLANG_WARN_CONSTANT_CONVERSION = YES;
				CLANG_WARN_DIRECT_OBJC_ISA_USAGE = YES_ERROR;
				CLANG_WARN_EMPTY_BODY = YES;
				CLANG_WARN_ENUM_CONVERSION = YES;
				CLANG_WARN_INT_CONVERSION = YES;
				CLANG_WARN_OBJC_ROOT_CLASS = YES_ERROR;
				CLANG_WARN_UNREACHABLE_CODE = YES;
				CLANG_WARN__DUPLICATE_METHOD_MATCH = YES;
				"CODE_SIGN_IDENTITY[sdk=iphoneos*]" = "iPhone Developer";
				COPY_PHASE_STRIP = NO;
				DEBUG_INFORMATION_FORMAT = dwarf;
				ENABLE_STRICT_OBJC_MSGSEND = YES;
				ENABLE_TESTABILITY = YES;
				GCC_C_LANGUAGE_STANDARD = gnu99;
				GCC_DYNAMIC_NO_PIC = NO;
				GCC_NO_COMMON_BLOCKS = YES;
				GCC_OPTIMIZATION_LEVEL = 0;
				GCC_PREPROCESSOR_DEFINITIONS = (
					"DEBUG=1",
					"$(inherited)",
				);
				GCC_WARN_64_TO_32_BIT_CONVERSION = YES;
				GCC_WARN_ABOUT_RETURN_TYPE = YES_ERROR;
				GCC_WARN_UNDECLARED_SELECTOR = YES;
				GCC_WARN_UNINITIALIZED_AUTOS = YES_AGGRESSIVE;
				GCC_WARN_UNUSED_FUNCTION = YES;
				GCC_WARN_UNUSED_VARIABLE = YES;
				IPHONEOS_DEPLOYMENT_TARGET = 9.1;
				MTL_ENABLE_DEBUG_INFO = YES;
				ONLY_ACTIVE_ARCH = YES;
				SDKROOT = iphoneos;
				TARGETED_DEVICE_FAMILY = "1,2";
			};
			name = Debug;
		};
		29CD4DDD1BF23F48003EFA93 /* Release */ = {
			isa = XCBuildConfiguration;
			buildSettings = {
				ALWAYS_SEARCH_USER_PATHS = NO;
				CLANG_CXX_LANGUAGE_STANDARD = "gnu++0x";
				CLANG_CXX_LIBRARY = "libc++";
				CLANG_ENABLE_MODULES = YES;
				CLANG_ENABLE_OBJC_ARC = YES;
				CLANG_WARN_BOOL_CONVERSION = YES;
				CLANG_WARN_CONSTANT_CONVERSION = YES;
				CLANG_WARN_DIRECT_OBJC_ISA_USAGE = YES_ERROR;
				CLANG_WARN_EMPTY_BODY = YES;
				CLANG_WARN_ENUM_CONVERSION = YES;
				CLANG_WARN_INT_CONVERSION = YES;
				CLANG_WARN_OBJC_ROOT_CLASS = YES_ERROR;
				CLANG_WARN_UNREACHABLE_CODE = YES;
				CLANG_WARN__DUPLICATE_METHOD_MATCH = YES;
				"CODE_SIGN_IDENTITY[sdk=iphoneos*]" = "iPhone Developer";
				COPY_PHASE_STRIP = NO;
				DEBUG_INFORMATION_FORMAT = "dwarf-with-dsym";
				ENABLE_NS_ASSERTIONS = NO;
				ENABLE_STRICT_OBJC_MSGSEND = YES;
				GCC_C_LANGUAGE_STANDARD = gnu99;
				GCC_NO_COMMON_BLOCKS = YES;
				GCC_WARN_64_TO_32_BIT_CONVERSION = YES;
				GCC_WARN_ABOUT_RETURN_TYPE = YES_ERROR;
				GCC_WARN_UNDECLARED_SELECTOR = YES;
				GCC_WARN_UNINITIALIZED_AUTOS = YES_AGGRESSIVE;
				GCC_WARN_UNUSED_FUNCTION = YES;
				GCC_WARN_UNUSED_VARIABLE = YES;
				IPHONEOS_DEPLOYMENT_TARGET = 9.1;
				MTL_ENABLE_DEBUG_INFO = NO;
				SDKROOT = iphoneos;
				TARGETED_DEVICE_FAMILY = "1,2";
				VALIDATE_PRODUCT = YES;
			};
			name = Release;
		};
		29CD4DDF1BF23F48003EFA93 /* Debug */ = {
			isa = XCBuildConfiguration;
			buildSettings = {
				ASSETCATALOG_COMPILER_APPICON_NAME = AppIcon;
				INFOPLIST_FILE = GitTest/Info.plist;
				LD_RUNPATH_SEARCH_PATHS = "$(inherited) @executable_path/Frameworks";
				PRODUCT_BUNDLE_IDENTIFIER = com.lanou3g.GitTest;
				PRODUCT_NAME = "$(TARGET_NAME)";
			};
			name = Debug;
		};
		29CD4DE01BF23F48003EFA93 /* Release */ = {
			isa = XCBuildConfiguration;
			buildSettings = {
				ASSETCATALOG_COMPILER_APPICON_NAME = AppIcon;
				INFOPLIST_FILE = GitTest/Info.plist;
				LD_RUNPATH_SEARCH_PATHS = "$(inherited) @executable_path/Frameworks";
				PRODUCT_BUNDLE_IDENTIFIER = com.lanou3g.GitTest;
				PRODUCT_NAME = "$(TARGET_NAME)";
			};
			name = Release;
		};
/* End XCBuildConfiguration section */

/* Begin XCConfigurationList section */
		29CD4DC21BF23F48003EFA93 /* Build configuration list for PBXProject "GitTest" */ = {
			isa = XCConfigurationList;
			buildConfigurations = (
				29CD4DDC1BF23F48003EFA93 /* Debug */,
				29CD4DDD1BF23F48003EFA93 /* Release */,
			);
			defaultConfigurationIsVisible = 0;
			defaultConfigurationName = Release;
		};
		29CD4DDE1BF23F48003EFA93 /* Build configuration list for PBXNativeTarget "GitTest" */ = {
			isa = XCConfigurationList;
			buildConfigurations = (
				29CD4DDF1BF23F48003EFA93 /* Debug */,
				29CD4DE01BF23F48003EFA93 /* Release */,
			);
			defaultConfigurationIsVisible = 0;
			defaultConfigurationName = Release;
		};
/* End XCConfigurationList section */
	};
	rootObject = 29CD4DBF1BF23F48003EFA93 /* Project object */;
}
